// !$*UTF8*$!
{
	archiveVersion = 1;
	classes = {
	};
	objectVersion = 56;
	objects = {

/* Begin PBXBuildFile section */
		07BB892D294B5FBA00B9F510 /* AppDelegate.swift in Sources */ = {isa = PBXBuildFile; fileRef = 07BB892C294B5FBA00B9F510 /* AppDelegate.swift */; };
		07BB892F294B5FBA00B9F510 /* SceneDelegate.swift in Sources */ = {isa = PBXBuildFile; fileRef = 07BB892E294B5FBA00B9F510 /* SceneDelegate.swift */; };
		07BB8931294B5FBA00B9F510 /* ViewController.swift in Sources */ = {isa = PBXBuildFile; fileRef = 07BB8930294B5FBA00B9F510 /* ViewController.swift */; };
		07BB8934294B5FBA00B9F510 /* Main.storyboard in Resources */ = {isa = PBXBuildFile; fileRef = 07BB8932294B5FBA00B9F510 /* Main.storyboard */; };
		07BB8936294B5FBA00B9F510 /* Assets.xcassets in Resources */ = {isa = PBXBuildFile; fileRef = 07BB8935294B5FBA00B9F510 /* Assets.xcassets */; };
		07BB8939294B5FBA00B9F510 /* LaunchScreen.storyboard in Resources */ = {isa = PBXBuildFile; fileRef = 07BB8937294B5FBA00B9F510 /* LaunchScreen.storyboard */; };
		07BB8944294B5FBA00B9F510 /* ElementsNameTests.swift in Sources */ = {isa = PBXBuildFile; fileRef = 07BB8943294B5FBA00B9F510 /* ElementsNameTests.swift */; };
		07BB894E294B5FBA00B9F510 /* ElementsNameUITests.swift in Sources */ = {isa = PBXBuildFile; fileRef = 07BB894D294B5FBA00B9F510 /* ElementsNameUITests.swift */; };
		07BB8950294B5FBA00B9F510 /* ElementsNameUITestsLaunchTests.swift in Sources */ = {isa = PBXBuildFile; fileRef = 07BB894F294B5FBA00B9F510 /* ElementsNameUITestsLaunchTests.swift */; };
/* End PBXBuildFile section */

/* Begin PBXContainerItemProxy section */
		07BB8940294B5FBA00B9F510 /* PBXContainerItemProxy */ = {
			isa = PBXContainerItemProxy;
			containerPortal = 07BB8921294B5FBA00B9F510 /* Project object */;
			proxyType = 1;
			remoteGlobalIDString = 07BB8928294B5FBA00B9F510;
			remoteInfo = ElementsName;
		};
		07BB894A294B5FBA00B9F510 /* PBXContainerItemProxy */ = {
			isa = PBXContainerItemProxy;
			containerPortal = 07BB8921294B5FBA00B9F510 /* Project object */;
			proxyType = 1;
			remoteGlobalIDString = 07BB8928294B5FBA00B9F510;
			remoteInfo = ElementsName;
		};
/* End PBXContainerItemProxy section */

/* Begin PBXFileReference section */
		07BB8929294B5FBA00B9F510 /* ElementsName.app */ = {isa = PBXFileReference; explicitFileType = wrapper.application; includeInIndex = 0; path = ElementsName.app; sourceTree = BUILT_PRODUCTS_DIR; };
		07BB892C294B5FBA00B9F510 /* AppDelegate.swift */ = {isa = PBXFileReference; lastKnownFileType = sourcecode.swift; path = AppDelegate.swift; sourceTree = "<group>"; };
		07BB892E294B5FBA00B9F510 /* SceneDelegate.swift */ = {isa = PBXFileReference; lastKnownFileType = sourcecode.swift; path = SceneDelegate.swift; sourceTree = "<group>"; };
		07BB8930294B5FBA00B9F510 /* ViewController.swift */ = {isa = PBXFileReference; lastKnownFileType = sourcecode.swift; path = ViewController.swift; sourceTree = "<group>"; };
		07BB8933294B5FBA00B9F510 /* Base */ = {isa = PBXFileReference; lastKnownFileType = file.storyboard; name = Base; path = Base.lproj/Main.storyboard; sourceTree = "<group>"; };
		07BB8935294B5FBA00B9F510 /* Assets.xcassets */ = {isa = PBXFileReference; lastKnownFileType = folder.assetcatalog; path = Assets.xcassets; sourceTree = "<group>"; };
		07BB8938294B5FBA00B9F510 /* Base */ = {isa = PBXFileReference; lastKnownFileType = file.storyboard; name = Base; path = Base.lproj/LaunchScreen.storyboard; sourceTree = "<group>"; };
		07BB893A294B5FBA00B9F510 /* Info.plist */ = {isa = PBXFileReference; lastKnownFileType = text.plist.xml; path = Info.plist; sourceTree = "<group>"; };
		07BB893F294B5FBA00B9F510 /* ElementsNameTests.xctest */ = {isa = PBXFileReference; explicitFileType = wrapper.cfbundle; includeInIndex = 0; path = ElementsNameTests.xctest; sourceTree = BUILT_PRODUCTS_DIR; };
		07BB8943294B5FBA00B9F510 /* ElementsNameTests.swift */ = {isa = PBXFileReference; lastKnownFileType = sourcecode.swift; path = ElementsNameTests.swift; sourceTree = "<group>"; };
		07BB8949294B5FBA00B9F510 /* ElementsNameUITests.xctest */ = {isa = PBXFileReference; explicitFileType = wrapper.cfbundle; includeInIndex = 0; path = ElementsNameUITests.xctest; sourceTree = BUILT_PRODUCTS_DIR; };
		07BB894D294B5FBA00B9F510 /* ElementsNameUITests.swift */ = {isa = PBXFileReference; lastKnownFileType = sourcecode.swift; path = ElementsNameUITests.swift; sourceTree = "<group>"; };
		07BB894F294B5FBA00B9F510 /* ElementsNameUITestsLaunchTests.swift */ = {isa = PBXFileReference; lastKnownFileType = sourcecode.swift; path = ElementsNameUITestsLaunchTests.swift; sourceTree = "<group>"; };
/* End PBXFileReference section */

/* Begin PBXFrameworksBuildPhase section */
		07BB8926294B5FBA00B9F510 /* Frameworks */ = {
			isa = PBXFrameworksBuildPhase;
			buildActionMask = 2147483647;
			files = (
			);
			runOnlyForDeploymentPostprocessing = 0;
		};
		07BB893C294B5FBA00B9F510 /* Frameworks */ = {
			isa = PBXFrameworksBuildPhase;
			buildActionMask = 2147483647;
			files = (
			);
			runOnlyForDeploymentPostprocessing = 0;
		};
		07BB8946294B5FBA00B9F510 /* Frameworks */ = {
			isa = PBXFrameworksBuildPhase;
			buildActionMask = 2147483647;
			files = (
			);
			runOnlyForDeploymentPostprocessing = 0;
		};
/* End PBXFrameworksBuildPhase section */

/* Begin PBXGroup section */
		07BB8920294B5FBA00B9F510 = {
			isa = PBXGroup;
			children = (
				07BB892B294B5FBA00B9F510 /* ElementsName */,
				07BB8942294B5FBA00B9F510 /* ElementsNameTests */,
				07BB894C294B5FBA00B9F510 /* ElementsNameUITests */,
				07BB892A294B5FBA00B9F510 /* Products */,
			);
			sourceTree = "<group>";
		};
		07BB892A294B5FBA00B9F510 /* Products */ = {
			isa = PBXGroup;
			children = (
				07BB8929294B5FBA00B9F510 /* ElementsName.app */,
				07BB893F294B5FBA00B9F510 /* ElementsNameTests.xctest */,
				07BB8949294B5FBA00B9F510 /* ElementsNameUITests.xctest */,
			);
			name = Products;
			sourceTree = "<group>";
		};
		07BB892B294B5FBA00B9F510 /* ElementsName */ = {
			isa = PBXGroup;
			children = (
				07BB892C294B5FBA00B9F510 /* AppDelegate.swift */,
				07BB892E294B5FBA00B9F510 /* SceneDelegate.swift */,
				07BB8930294B5FBA00B9F510 /* ViewController.swift */,
				07BB8932294B5FBA00B9F510 /* Main.storyboard */,
				07BB8935294B5FBA00B9F510 /* Assets.xcassets */,
				07BB8937294B5FBA00B9F510 /* LaunchScreen.storyboard */,
				07BB893A294B5FBA00B9F510 /* Info.plist */,
			);
			path = ElementsName;
			sourceTree = "<group>";
		};
		07BB8942294B5FBA00B9F510 /* ElementsNameTests */ = {
			isa = PBXGroup;
			children = (
				07BB8943294B5FBA00B9F510 /* ElementsNameTests.swift */,
			);
			path = ElementsNameTests;
			sourceTree = "<group>";
		};
		07BB894C294B5FBA00B9F510 /* ElementsNameUITests */ = {
			isa = PBXGroup;
			children = (
				07BB894D294B5FBA00B9F510 /* ElementsNameUITests.swift */,
				07BB894F294B5FBA00B9F510 /* ElementsNameUITestsLaunchTests.swift */,
			);
			path = ElementsNameUITests;
			sourceTree = "<group>";
		};
/* End PBXGroup section */

/* Begin PBXNativeTarget section */
		07BB8928294B5FBA00B9F510 /* ElementsName */ = {
			isa = PBXNativeTarget;
			buildConfigurationList = 07BB8953294B5FBA00B9F510 /* Build configuration list for PBXNativeTarget "ElementsName" */;
			buildPhases = (
				07BB8925294B5FBA00B9F510 /* Sources */,
				07BB8926294B5FBA00B9F510 /* Frameworks */,
				07BB8927294B5FBA00B9F510 /* Resources */,
			);
			buildRules = (
			);
			dependencies = (
			);
			name = ElementsName;
			productName = ElementsName;
			productReference = 07BB8929294B5FBA00B9F510 /* ElementsName.app */;
			productType = "com.apple.product-type.application";
		};
		07BB893E294B5FBA00B9F510 /* ElementsNameTests */ = {
			isa = PBXNativeTarget;
			buildConfigurationList = 07BB8956294B5FBA00B9F510 /* Build configuration list for PBXNativeTarget "ElementsNameTests" */;
			buildPhases = (
				07BB893B294B5FBA00B9F510 /* Sources */,
				07BB893C294B5FBA00B9F510 /* Frameworks */,
				07BB893D294B5FBA00B9F510 /* Resources */,
			);
			buildRules = (
			);
			dependencies = (
				07BB8941294B5FBA00B9F510 /* PBXTargetDependency */,
			);
			name = ElementsNameTests;
			productName = ElementsNameTests;
			productReference = 07BB893F294B5FBA00B9F510 /* ElementsNameTests.xctest */;
			productType = "com.apple.product-type.bundle.unit-test";
		};
		07BB8948294B5FBA00B9F510 /* ElementsNameUITests */ = {
			isa = PBXNativeTarget;
			buildConfigurationList = 07BB8959294B5FBA00B9F510 /* Build configuration list for PBXNativeTarget "ElementsNameUITests" */;
			buildPhases = (
				07BB8945294B5FBA00B9F510 /* Sources */,
				07BB8946294B5FBA00B9F510 /* Frameworks */,
				07BB8947294B5FBA00B9F510 /* Resources */,
			);
			buildRules = (
			);
			dependencies = (
				07BB894B294B5FBA00B9F510 /* PBXTargetDependency */,
			);
			name = ElementsNameUITests;
			productName = ElementsNameUITests;
			productReference = 07BB8949294B5FBA00B9F510 /* ElementsNameUITests.xctest */;
			productType = "com.apple.product-type.bundle.ui-testing";
		};
/* End PBXNativeTarget section */

/* Begin PBXProject section */
		07BB8921294B5FBA00B9F510 /* Project object */ = {
			isa = PBXProject;
			attributes = {
				BuildIndependentTargetsInParallel = 1;
				LastSwiftUpdateCheck = 1410;
				LastUpgradeCheck = 1410;
				TargetAttributes = {
					07BB8928294B5FBA00B9F510 = {
						CreatedOnToolsVersion = 14.1;
					};
					07BB893E294B5FBA00B9F510 = {
						CreatedOnToolsVersion = 14.1;
						TestTargetID = 07BB8928294B5FBA00B9F510;
					};
					07BB8948294B5FBA00B9F510 = {
						CreatedOnToolsVersion = 14.1;
						TestTargetID = 07BB8928294B5FBA00B9F510;
					};
				};
			};
			buildConfigurationList = 07BB8924294B5FBA00B9F510 /* Build configuration list for PBXProject "ElementsName" */;
			compatibilityVersion = "Xcode 14.0";
			developmentRegion = en;
			hasScannedForEncodings = 0;
			knownRegions = (
				en,
				Base,
			);
			mainGroup = 07BB8920294B5FBA00B9F510;
			productRefGroup = 07BB892A294B5FBA00B9F510 /* Products */;
			projectDirPath = "";
			projectRoot = "";
			targets = (
				07BB8928294B5FBA00B9F510 /* ElementsName */,
				07BB893E294B5FBA00B9F510 /* ElementsNameTests */,
				07BB8948294B5FBA00B9F510 /* ElementsNameUITests */,
			);
		};
/* End PBXProject section */

/* Begin PBXResourcesBuildPhase section */
		07BB8927294B5FBA00B9F510 /* Resources */ = {
			isa = PBXResourcesBuildPhase;
			buildActionMask = 2147483647;
			files = (
				07BB8939294B5FBA00B9F510 /* LaunchScreen.storyboard in Resources */,
				07BB8936294B5FBA00B9F510 /* Assets.xcassets in Resources */,
				07BB8934294B5FBA00B9F510 /* Main.storyboard in Resources */,
			);
			runOnlyForDeploymentPostprocessing = 0;
		};
		07BB893D294B5FBA00B9F510 /* Resources */ = {
			isa = PBXResourcesBuildPhase;
			buildActionMask = 2147483647;
			files = (
			);
			runOnlyForDeploymentPostprocessing = 0;
		};
		07BB8947294B5FBA00B9F510 /* Resources */ = {
			isa = PBXResourcesBuildPhase;
			buildActionMask = 2147483647;
			files = (
			);
			runOnlyForDeploymentPostprocessing = 0;
		};
/* End PBXResourcesBuildPhase section */

/* Begin PBXSourcesBuildPhase section */
		07BB8925294B5FBA00B9F510 /* Sources */ = {
			isa = PBXSourcesBuildPhase;
			buildActionMask = 2147483647;
			files = (
				07BB8931294B5FBA00B9F510 /* ViewController.swift in Sources */,
				07BB892D294B5FBA00B9F510 /* AppDelegate.swift in Sources */,
				07BB892F294B5FBA00B9F510 /* SceneDelegate.swift in Sources */,
			);
			runOnlyForDeploymentPostprocessing = 0;
		};
		07BB893B294B5FBA00B9F510 /* Sources */ = {
			isa = PBXSourcesBuildPhase;
			buildActionMask = 2147483647;
			files = (
				07BB8944294B5FBA00B9F510 /* ElementsNameTests.swift in Sources */,
			);
			runOnlyForDeploymentPostprocessing = 0;
		};
		07BB8945294B5FBA00B9F510 /* Sources */ = {
			isa = PBXSourcesBuildPhase;
			buildActionMask = 2147483647;
			files = (
				07BB8950294B5FBA00B9F510 /* ElementsNameUITestsLaunchTests.swift in Sources */,
				07BB894E294B5FBA00B9F510 /* ElementsNameUITests.swift in Sources */,
			);
			runOnlyForDeploymentPostprocessing = 0;
		};
/* End PBXSourcesBuildPhase section */

/* Begin PBXTargetDependency section */
		07BB8941294B5FBA00B9F510 /* PBXTargetDependency */ = {
			isa = PBXTargetDependency;
			target = 07BB8928294B5FBA00B9F510 /* ElementsName */;
			targetProxy = 07BB8940294B5FBA00B9F510 /* PBXContainerItemProxy */;
		};
		07BB894B294B5FBA00B9F510 /* PBXTargetDependency */ = {
			isa = PBXTargetDependency;
			target = 07BB8928294B5FBA00B9F510 /* ElementsName */;
			targetProxy = 07BB894A294B5FBA00B9F510 /* PBXContainerItemProxy */;
		};
/* End PBXTargetDependency section */

/* Begin PBXVariantGroup section */
		07BB8932294B5FBA00B9F510 /* Main.storyboard */ = {
			isa = PBXVariantGroup;
			children = (
				07BB8933294B5FBA00B9F510 /* Base */,
			);
			name = Main.storyboard;
			sourceTree = "<group>";
		};
		07BB8937294B5FBA00B9F510 /* LaunchScreen.storyboard */ = {
			isa = PBXVariantGroup;
			children = (
				07BB8938294B5FBA00B9F510 /* Base */,
			);
			name = LaunchScreen.storyboard;
			sourceTree = "<group>";
		};
/* End PBXVariantGroup section */

/* Begin XCBuildConfiguration section */
		07BB8951294B5FBA00B9F510 /* Debug */ = {
			isa = XCBuildConfiguration;
			buildSettings = {
				ALWAYS_SEARCH_USER_PATHS = NO;
				CLANG_ANALYZER_NONNULL = YES;
				CLANG_ANALYZER_NUMBER_OBJECT_CONVERSION = YES_AGGRESSIVE;
				CLANG_CXX_LANGUAGE_STANDARD = "gnu++20";
				CLANG_ENABLE_MODULES = YES;
				CLANG_ENABLE_OBJC_ARC = YES;
				CLANG_ENABLE_OBJC_WEAK = YES;
				CLANG_WARN_BLOCK_CAPTURE_AUTORELEASING = YES;
				CLANG_WARN_BOOL_CONVERSION = YES;
				CLANG_WARN_COMMA = YES;
				CLANG_WARN_CONSTANT_CONVERSION = YES;
				CLANG_WARN_DEPRECATED_OBJC_IMPLEMENTATIONS = YES;
				CLANG_WARN_DIRECT_OBJC_ISA_USAGE = YES_ERROR;
				CLANG_WARN_DOCUMENTATION_COMMENTS = YES;
				CLANG_WARN_EMPTY_BODY = YES;
				CLANG_WARN_ENUM_CONVERSION = YES;
				CLANG_WARN_INFINITE_RECURSION = YES;
				CLANG_WARN_INT_CONVERSION = YES;
				CLANG_WARN_NON_LITERAL_NULL_CONVERSION = YES;
				CLANG_WARN_OBJC_IMPLICIT_RETAIN_SELF = YES;
				CLANG_WARN_OBJC_LITERAL_CONVERSION = YES;
				CLANG_WARN_OBJC_ROOT_CLASS = YES_ERROR;
				CLANG_WARN_QUOTED_INCLUDE_IN_FRAMEWORK_HEADER = YES;
				CLANG_WARN_RANGE_LOOP_ANALYSIS = YES;
				CLANG_WARN_STRICT_PROTOTYPES = YES;
				CLANG_WARN_SUSPICIOUS_MOVE = YES;
				CLANG_WARN_UNGUARDED_AVAILABILITY = YES_AGGRESSIVE;
				CLANG_WARN_UNREACHABLE_CODE = YES;
				CLANG_WARN__DUPLICATE_METHOD_MATCH = YES;
				COPY_PHASE_STRIP = NO;
				DEBUG_INFORMATION_FORMAT = dwarf;
				ENABLE_STRICT_OBJC_MSGSEND = YES;
				ENABLE_TESTABILITY = YES;
				GCC_C_LANGUAGE_STANDARD = gnu11;
				GCC_DYNAMIC_NO_PIC = NO;
				GCC_NO_COMMON_BLOCKS = YES;
				GCC_OPTIMIZATION_LEVEL = 0;
				GCC_PREPROCESSOR_DEFINITIONS = (
					"DEBUG=1",
					"$(inherited)",
				);
				GCC_WARN_64_TO_32_BIT_CONVERSION = YES;
				GCC_WARN_ABOUT_RETURN_TYPE = YES_ERROR;
				GCC_WARN_UNDECLARED_SELECTOR = YES;
				GCC_WARN_UNINITIALIZED_AUTOS = YES_AGGRESSIVE;
				GCC_WARN_UNUSED_FUNCTION = YES;
				GCC_WARN_UNUSED_VARIABLE = YES;
				IPHONEOS_DEPLOYMENT_TARGET = 16.1;
				MTL_ENABLE_DEBUG_INFO = INCLUDE_SOURCE;
				MTL_FAST_MATH = YES;
				ONLY_ACTIVE_ARCH = YES;
				SDKROOT = iphoneos;
				SWIFT_ACTIVE_COMPILATION_CONDITIONS = DEBUG;
				SWIFT_OPTIMIZATION_LEVEL = "-Onone";
			};
			name = Debug;
		};
		07BB8952294B5FBA00B9F510 /* Release */ = {
			isa = XCBuildConfiguration;
			buildSettings = {
				ALWAYS_SEARCH_USER_PATHS = NO;
				CLANG_ANALYZER_NONNULL = YES;
				CLANG_ANALYZER_NUMBER_OBJECT_CONVERSION = YES_AGGRESSIVE;
				CLANG_CXX_LANGUAGE_STANDARD = "gnu++20";
				CLANG_ENABLE_MODULES = YES;
				CLANG_ENABLE_OBJC_ARC = YES;
				CLANG_ENABLE_OBJC_WEAK = YES;
				CLANG_WARN_BLOCK_CAPTURE_AUTORELEASING = YES;
				CLANG_WARN_BOOL_CONVERSION = YES;
				CLANG_WARN_COMMA = YES;
				CLANG_WARN_CONSTANT_CONVERSION = YES;
				CLANG_WARN_DEPRECATED_OBJC_IMPLEMENTATIONS = YES;
				CLANG_WARN_DIRECT_OBJC_ISA_USAGE = YES_ERROR;
				CLANG_WARN_DOCUMENTATION_COMMENTS = YES;
				CLANG_WARN_EMPTY_BODY = YES;
				CLANG_WARN_ENUM_CONVERSION = YES;
				CLANG_WARN_INFINITE_RECURSION = YES;
				CLANG_WARN_INT_CONVERSION = YES;
				CLANG_WARN_NON_LITERAL_NULL_CONVERSION = YES;
				CLANG_WARN_OBJC_IMPLICIT_RETAIN_SELF = YES;
				CLANG_WARN_OBJC_LITERAL_CONVERSION = YES;
				CLANG_WARN_OBJC_ROOT_CLASS = YES_ERROR;
				CLANG_WARN_QUOTED_INCLUDE_IN_FRAMEWORK_HEADER = YES;
				CLANG_WARN_RANGE_LOOP_ANALYSIS = YES;
				CLANG_WARN_STRICT_PROTOTYPES = YES;
				CLANG_WARN_SUSPICIOUS_MOVE = YES;
				CLANG_WARN_UNGUARDED_AVAILABILITY = YES_AGGRESSIVE;
				CLANG_WARN_UNREACHABLE_CODE = YES;
				CLANG_WARN__DUPLICATE_METHOD_MATCH = YES;
				COPY_PHASE_STRIP = NO;
				DEBUG_INFORMATION_FORMAT = "dwarf-with-dsym";
				ENABLE_NS_ASSERTIONS = NO;
				ENABLE_STRICT_OBJC_MSGSEND = YES;
				GCC_C_LANGUAGE_STANDARD = gnu11;
				GCC_NO_COMMON_BLOCKS = YES;
				GCC_WARN_64_TO_32_BIT_CONVERSION = YES;
				GCC_WARN_ABOUT_RETURN_TYPE = YES_ERROR;
				GCC_WARN_UNDECLARED_SELECTOR = YES;
				GCC_WARN_UNINITIALIZED_AUTOS = YES_AGGRESSIVE;
				GCC_WARN_UNUSED_FUNCTION = YES;
				GCC_WARN_UNUSED_VARIABLE = YES;
				IPHONEOS_DEPLOYMENT_TARGET = 16.1;
				MTL_ENABLE_DEBUG_INFO = NO;
				MTL_FAST_MATH = YES;
				SDKROOT = iphoneos;
				SWIFT_COMPILATION_MODE = wholemodule;
				SWIFT_OPTIMIZATION_LEVEL = "-O";
				VALIDATE_PRODUCT = YES;
			};
			name = Release;
		};
		07BB8954294B5FBA00B9F510 /* Debug */ = {
			isa = XCBuildConfiguration;
			buildSettings = {
				ASSETCATALOG_COMPILER_APPICON_NAME = AppIcon;
				ASSETCATALOG_COMPILER_GLOBAL_ACCENT_COLOR_NAME = AccentColor;
				CODE_SIGN_STYLE = Automatic;
				CURRENT_PROJECT_VERSION = 1;
				GENERATE_INFOPLIST_FILE = YES;
				INFOPLIST_FILE = ElementsName/Info.plist;
				INFOPLIST_KEY_UIApplicationSupportsIndirectInputEvents = YES;
				INFOPLIST_KEY_UILaunchStoryboardName = LaunchScreen;
				INFOPLIST_KEY_UIMainStoryboardFile = Main;
				INFOPLIST_KEY_UISupportedInterfaceOrientations_iPad = "UIInterfaceOrientationPortrait UIInterfaceOrientationPortraitUpsideDown UIInterfaceOrientationLandscapeLeft UIInterfaceOrientationLandscapeRight";
				INFOPLIST_KEY_UISupportedInterfaceOrientations_iPhone = "UIInterfaceOrientationPortrait UIInterfaceOrientationLandscapeLeft UIInterfaceOrientationLandscapeRight";
				LD_RUNPATH_SEARCH_PATHS = (
					"$(inherited)",
					"@executable_path/Frameworks",
				);
				MARKETING_VERSION = 1.0;
				PRODUCT_BUNDLE_IDENTIFIER = Mete.ElementsName;
				PRODUCT_NAME = "$(TARGET_NAME)";
				SWIFT_EMIT_LOC_STRINGS = YES;
				SWIFT_VERSION = 5.0;
				TARGETED_DEVICE_FAMILY = "1,2";
			};
			name = Debug;
		};
		07BB8955294B5FBA00B9F510 /* Release */ = {
			isa = XCBuildConfiguration;
			buildSettings = {
				ASSETCATALOG_COMPILER_APPICON_NAME = AppIcon;
				ASSETCATALOG_COMPILER_GLOBAL_ACCENT_COLOR_NAME = AccentColor;
				CODE_SIGN_STYLE = Automatic;
				CURRENT_PROJECT_VERSION = 1;
				GENERATE_INFOPLIST_FILE = YES;
				INFOPLIST_FILE = ElementsName/Info.plist;
				INFOPLIST_KEY_UIApplicationSupportsIndirectInputEvents = YES;
				INFOPLIST_KEY_UILaunchStoryboardName = LaunchScreen;
				INFOPLIST_KEY_UIMainStoryboardFile = Main;
				INFOPLIST_KEY_UISupportedInterfaceOrientations_iPad = "UIInterfaceOrientationPortrait UIInterfaceOrientationPortraitUpsideDown UIInterfaceOrientationLandscapeLeft UIInterfaceOrientationLandscapeRight";
				INFOPLIST_KEY_UISupportedInterfaceOrientations_iPhone = "UIInterfaceOrientationPortrait UIInterfaceOrientationLandscapeLeft UIInterfaceOrientationLandscapeRight";
				LD_RUNPATH_SEARCH_PATHS = (
					"$(inherited)",
					"@executable_path/Frameworks",
				);
				MARKETING_VERSION = 1.0;
				PRODUCT_BUNDLE_IDENTIFIER = Mete.ElementsName;
				PRODUCT_NAME = "$(TARGET_NAME)";
				SWIFT_EMIT_LOC_STRINGS = YES;
				SWIFT_VERSION = 5.0;
				TARGETED_DEVICE_FAMILY = "1,2";
			};
			name = Release;
		};
		07BB8957294B5FBA00B9F510 /* Debug */ = {
			isa = XCBuildConfiguration;
			buildSettings = {
				ALWAYS_EMBED_SWIFT_STANDARD_LIBRARIES = YES;
				BUNDLE_LOADER = "$(TEST_HOST)";
				CODE_SIGN_STYLE = Automatic;
				CURRENT_PROJECT_VERSION = 1;
				GENERATE_INFOPLIST_FILE = YES;
				IPHONEOS_DEPLOYMENT_TARGET = 16.1;
				MARKETING_VERSION = 1.0;
				PRODUCT_BUNDLE_IDENTIFIER = Mete.ElementsNameTests;
				PRODUCT_NAME = "$(TARGET_NAME)";
				SWIFT_EMIT_LOC_STRINGS = NO;
				SWIFT_VERSION = 5.0;
				TARGETED_DEVICE_FAMILY = "1,2";
				TEST_HOST = "$(BUILT_PRODUCTS_DIR)/ElementsName.app/$(BUNDLE_EXECUTABLE_FOLDER_PATH)/ElementsName";
			};
			name = Debug;
		};
		07BB8958294B5FBA00B9F510 /* Release */ = {
			isa = XCBuildConfiguration;
			buildSettings = {
				ALWAYS_EMBED_SWIFT_STANDARD_LIBRARIES = YES;
				BUNDLE_LOADER = "$(TEST_HOST)";
				CODE_SIGN_STYLE = Automatic;
				CURRENT_PROJECT_VERSION = 1;
				GENERATE_INFOPLIST_FILE = YES;
				IPHONEOS_DEPLOYMENT_TARGET = 16.1;
				MARKETING_VERSION = 1.0;
				PRODUCT_BUNDLE_IDENTIFIER = Mete.ElementsNameTests;
				PRODUCT_NAME = "$(TARGET_NAME)";
				SWIFT_EMIT_LOC_STRINGS = NO;
				SWIFT_VERSION = 5.0;
				TARGETED_DEVICE_FAMILY = "1,2";
				TEST_HOST = "$(BUILT_PRODUCTS_DIR)/ElementsName.app/$(BUNDLE_EXECUTABLE_FOLDER_PATH)/ElementsName";
			};
			name = Release;
		};
		07BB895A294B5FBA00B9F510 /* Debug */ = {
			isa = XCBuildConfiguration;
			buildSettings = {
				ALWAYS_EMBED_SWIFT_STANDARD_LIBRARIES = YES;
				CODE_SIGN_STYLE = Automatic;
				CURRENT_PROJECT_VERSION = 1;
				GENERATE_INFOPLIST_FILE = YES;
				MARKETING_VERSION = 1.0;
				PRODUCT_BUNDLE_IDENTIFIER = Mete.ElementsNameUITests;
				PRODUCT_NAME = "$(TARGET_NAME)";
				SWIFT_EMIT_LOC_STRINGS = NO;
				SWIFT_VERSION = 5.0;
				TARGETED_DEVICE_FAMILY = "1,2";
				TEST_TARGET_NAME = ElementsName;
			};
			name = Debug;
		};
		07BB895B294B5FBA00B9F510 /* Release */ = {
			isa = XCBuildConfiguration;
			buildSettings = {
				ALWAYS_EMBED_SWIFT_STANDARD_LIBRARIES = YES;
				CODE_SIGN_STYLE = Automatic;
				CURRENT_PROJECT_VERSION = 1;
				GENERATE_INFOPLIST_FILE = YES;
				MARKETING_VERSION = 1.0;
				PRODUCT_BUNDLE_IDENTIFIER = Mete.ElementsNameUITests;
				PRODUCT_NAME = "$(TARGET_NAME)";
				SWIFT_EMIT_LOC_STRINGS = NO;
				SWIFT_VERSION = 5.0;
				TARGETED_DEVICE_FAMILY = "1,2";
				TEST_TARGET_NAME = ElementsName;
			};
			name = Release;
		};
/* End XCBuildConfiguration section */

/* Begin XCConfigurationList section */
		07BB8924294B5FBA00B9F510 /* Build configuration list for PBXProject "ElementsName" */ = {
			isa = XCConfigurationList;
			buildConfigurations = (
				07BB8951294B5FBA00B9F510 /* Debug */,
				07BB8952294B5FBA00B9F510 /* Release */,
			);
			defaultConfigurationIsVisible = 0;
			defaultConfigurationName = Release;
		};
		07BB8953294B5FBA00B9F510 /* Build configuration list for PBXNativeTarget "ElementsName" */ = {
			isa = XCConfigurationList;
			buildConfigurations = (
				07BB8954294B5FBA00B9F510 /* Debug */,
				07BB8955294B5FBA00B9F510 /* Release */,
			);
			defaultConfigurationIsVisible = 0;
			defaultConfigurationName = Release;
		};
		07BB8956294B5FBA00B9F510 /* Build configuration list for PBXNativeTarget "ElementsNameTests" */ = {
			isa = XCConfigurationList;
			buildConfigurations = (
				07BB8957294B5FBA00B9F510 /* Debug */,
				07BB8958294B5FBA00B9F510 /* Release */,
			);
			defaultConfigurationIsVisible = 0;
			defaultConfigurationName = Release;
		};
		07BB8959294B5FBA00B9F510 /* Build configuration list for PBXNativeTarget "ElementsNameUITests" */ = {
			isa = XCConfigurationList;
			buildConfigurations = (
				07BB895A294B5FBA00B9F510 /* Debug */,
				07BB895B294B5FBA00B9F510 /* Release */,
			);
			defaultConfigurationIsVisible = 0;
			defaultConfigurationName = Release;
		};
/* End XCConfigurationList section */
	};
	rootObject = 07BB8921294B5FBA00B9F510 /* Project object */;
}
